
Microsoft Visual Studio Solution File, Format Version 12.00
# Visual Studio Version 16
VisualStudioVersion = 16.0.31424.327
MinimumVisualStudioVersion = 10.0.40219.1
Project("{FAE04EC0-301F-11D3-BF4B-00C04F79EFBC}") = "RegEx", "RegEx\RegEx.csproj", "{4B09DFC3-AAD2-4953-B44A-CEA4057F7F38}"
EndProject
Global
	GlobalSection(SolutionConfigurationPlatforms) = preSolution
		Debug|Any CPU = Debug|Any CPU
		Release|Any CPU = Release|Any CPU
	EndGlobalSection
	GlobalSection(ProjectConfigurationPlatforms) = postSolution
		{4B09DFC3-AAD2-4953-B44A-CEA4057F7F38}.Debug|Any CPU.ActiveCfg = Debug|Any CPU
		{4B09DFC3-AAD2-4953-B44A-CEA4057F7F38}.Debug|Any CPU.Build.0 = Debug|Any CPU
		{4B09DFC3-AAD2-4953-B44A-CEA4057F7F38}.Release|Any CPU.ActiveCfg = Release|Any CPU
		{4B09DFC3-AAD2-4953-B44A-CEA4057F7F38}.Release|Any CPU.Build.0 = Release|Any CPU
	EndGlobalSection
	GlobalSection(SolutionProperties) = preSolution
		HideSolutionNode = FALSE
	EndGlobalSection
	GlobalSection(ExtensibilityGlobals) = postSolution
		SolutionGuid = {04061ADD-0EEA-4434-ABFA-1E075C54833B}
	EndGlobalSection
EndGlobal
